
Microsoft Visual Studio Solution File, Format Version 12.00
# Visual Studio Version 17
VisualStudioVersion = 17.12.35527.113
MinimumVisualStudioVersion = 10.0.40219.1
Project("{FAE04EC0-301F-11D3-BF4B-00C04F79EFBC}") = "WalmartWeb", "WalmartWeb\WalmartWeb.csproj", "{5A144C22-80E5-44CD-BDB6-BA8F5F928419}"
EndProject
Project("{FAE04EC0-301F-11D3-BF4B-00C04F79EFBC}") = "Walmart.DataAccess", "Walmart.DataAccess\Walmart.DataAccess.csproj", "{F7C3D07D-50BA-44C4-974A-FDBFEB8EBAB3}"
EndProject
Project("{FAE04EC0-301F-11D3-BF4B-00C04F79EFBC}") = "Walmart.Model", "Walmart.Model\Walmart.Model.csproj", "{63D86797-C537-4F99-A047-7C5642FB25F2}"
EndProject
Project("{FAE04EC0-301F-11D3-BF4B-00C04F79EFBC}") = "Walmart.Utility", "Walmart.Utility\Walmart.Utility.csproj", "{E4D06514-7EAA-4C6D-9F92-B8646EFBF01B}"
EndProject
Global
	GlobalSection(SolutionConfigurationPlatforms) = preSolution
		Debug|Any CPU = Debug|Any CPU
		Release|Any CPU = Release|Any CPU
	EndGlobalSection
	GlobalSection(ProjectConfigurationPlatforms) = postSolution
		{5A144C22-80E5-44CD-BDB6-BA8F5F928419}.Debug|Any CPU.ActiveCfg = Debug|Any CPU
		{5A144C22-80E5-44CD-BDB6-BA8F5F928419}.Debug|Any CPU.Build.0 = Debug|Any CPU
		{5A144C22-80E5-44CD-BDB6-BA8F5F928419}.Release|Any CPU.ActiveCfg = Release|Any CPU
		{5A144C22-80E5-44CD-BDB6-BA8F5F928419}.Release|Any CPU.Build.0 = Release|Any CPU
		{F7C3D07D-50BA-44C4-974A-FDBFEB8EBAB3}.Debug|Any CPU.ActiveCfg = Debug|Any CPU
		{F7C3D07D-50BA-44C4-974A-FDBFEB8EBAB3}.Debug|Any CPU.Build.0 = Debug|Any CPU
		{F7C3D07D-50BA-44C4-974A-FDBFEB8EBAB3}.Release|Any CPU.ActiveCfg = Release|Any CPU
		{F7C3D07D-50BA-44C4-974A-FDBFEB8EBAB3}.Release|Any CPU.Build.0 = Release|Any CPU
		{63D86797-C537-4F99-A047-7C5642FB25F2}.Debug|Any CPU.ActiveCfg = Debug|Any CPU
		{63D86797-C537-4F99-A047-7C5642FB25F2}.Debug|Any CPU.Build.0 = Debug|Any CPU
		{63D86797-C537-4F99-A047-7C5642FB25F2}.Release|Any CPU.ActiveCfg = Release|Any CPU
		{63D86797-C537-4F99-A047-7C5642FB25F2}.Release|Any CPU.Build.0 = Release|Any CPU
		{E4D06514-7EAA-4C6D-9F92-B8646EFBF01B}.Debug|Any CPU.ActiveCfg = Debug|Any CPU
		{E4D06514-7EAA-4C6D-9F92-B8646EFBF01B}.Debug|Any CPU.Build.0 = Debug|Any CPU
		{E4D06514-7EAA-4C6D-9F92-B8646EFBF01B}.Release|Any CPU.ActiveCfg = Release|Any CPU
		{E4D06514-7EAA-4C6D-9F92-B8646EFBF01B}.Release|Any CPU.Build.0 = Release|Any CPU
	EndGlobalSection
	GlobalSection(SolutionProperties) = preSolution
		HideSolutionNode = FALSE
	EndGlobalSection
EndGlobal
